
Microsoft Visual Studio Solution File, Format Version 12.00
# Visual Studio Version 16
VisualStudioVersion = 16.0.29613.14
MinimumVisualStudioVersion = 10.0.40219.1
Project("{FAE04EC0-301F-11D3-BF4B-00C04F79EFBC}") = "Statika-ISD", "Statika-ISD\Statika-ISD.csproj", "{B005AECB-980E-4C10-9541-D7031DE8EF64}"
EndProject
Global
	GlobalSection(SolutionConfigurationPlatforms) = preSolution
		Debug|Any CPU = Debug|Any CPU
		Release|Any CPU = Release|Any CPU
	EndGlobalSection
	GlobalSection(ProjectConfigurationPlatforms) = postSolution
		{B005AECB-980E-4C10-9541-D7031DE8EF64}.Debug|Any CPU.ActiveCfg = Debug|Any CPU
		{B005AECB-980E-4C10-9541-D7031DE8EF64}.Debug|Any CPU.Build.0 = Debug|Any CPU
		{B005AECB-980E-4C10-9541-D7031DE8EF64}.Release|Any CPU.ActiveCfg = Release|Any CPU
		{B005AECB-980E-4C10-9541-D7031DE8EF64}.Release|Any CPU.Build.0 = Release|Any CPU
	EndGlobalSection
	GlobalSection(SolutionProperties) = preSolution
		HideSolutionNode = FALSE
	EndGlobalSection
	GlobalSection(ExtensibilityGlobals) = postSolution
		SolutionGuid = {CE469C30-B326-47F4-9301-2AC87C6F0101}
	EndGlobalSection
EndGlobal
